
Microsoft Visual Studio Solution File, Format Version 12.00
# Visual Studio Version 16
VisualStudioVersion = 16.0.30406.217
MinimumVisualStudioVersion = 10.0.40219.1
Project("{9A19103F-16F7-4668-BE54-9A1E7A4F7556}") = "GrpcClient", "GrpcClient\GrpcClient.csproj", "{EC089DB0-4449-40DD-9E92-D3FDA895746C}"
EndProject
Project("{FAE04EC0-301F-11D3-BF4B-00C04F79EFBC}") = "GrpcProto", "GrpcProto\GrpcProto.csproj", "{41C6A556-6C5B-4632-8582-41449E95F431}"
EndProject
Project("{9A19103F-16F7-4668-BE54-9A1E7A4F7556}") = "GrpcServer", "GrpcServer\GrpcServer.csproj", "{4ADB2647-3FE3-4BFB-8A22-316A7F2C7C0F}"
EndProject
Global
	GlobalSection(SolutionConfigurationPlatforms) = preSolution
		Debug|Any CPU = Debug|Any CPU
		Release|Any CPU = Release|Any CPU
	EndGlobalSection
	GlobalSection(ProjectConfigurationPlatforms) = postSolution
		{4ADB2647-3FE3-4BFB-8A22-316A7F2C7C0F}.Debug|Any CPU.ActiveCfg = Debug|Any CPU
		{4ADB2647-3FE3-4BFB-8A22-316A7F2C7C0F}.Debug|Any CPU.Build.0 = Debug|Any CPU
		{4ADB2647-3FE3-4BFB-8A22-316A7F2C7C0F}.Release|Any CPU.ActiveCfg = Release|Any CPU
		{4ADB2647-3FE3-4BFB-8A22-316A7F2C7C0F}.Release|Any CPU.Build.0 = Release|Any CPU
		{EC089DB0-4449-40DD-9E92-D3FDA895746C}.Debug|Any CPU.ActiveCfg = Debug|Any CPU
		{EC089DB0-4449-40DD-9E92-D3FDA895746C}.Debug|Any CPU.Build.0 = Debug|Any CPU
		{EC089DB0-4449-40DD-9E92-D3FDA895746C}.Release|Any CPU.ActiveCfg = Release|Any CPU
		{EC089DB0-4449-40DD-9E92-D3FDA895746C}.Release|Any CPU.Build.0 = Release|Any CPU
		{41C6A556-6C5B-4632-8582-41449E95F431}.Debug|Any CPU.ActiveCfg = Debug|Any CPU
		{41C6A556-6C5B-4632-8582-41449E95F431}.Debug|Any CPU.Build.0 = Debug|Any CPU
		{41C6A556-6C5B-4632-8582-41449E95F431}.Release|Any CPU.ActiveCfg = Release|Any CPU
		{41C6A556-6C5B-4632-8582-41449E95F431}.Release|Any CPU.Build.0 = Release|Any CPU
	EndGlobalSection
	GlobalSection(SolutionProperties) = preSolution
		HideSolutionNode = FALSE
	EndGlobalSection
	GlobalSection(ExtensibilityGlobals) = postSolution
		SolutionGuid = {CA091DA6-13A3-410E-8A54-45494FFD0DD5}
	EndGlobalSection
EndGlobal
