
Microsoft Visual Studio Solution File, Format Version 12.00
# Visual Studio Version 16
VisualStudioVersion = 16.0.30204.135
MinimumVisualStudioVersion = 10.0.40219.1
Project("{FAE04EC0-301F-11D3-BF4B-00C04F79EFBC}") = "PriorityQueueApp", "PriorityQueueApp\PriorityQueueApp.csproj", "{5BAC9B53-F286-400A-9315-34C06B28C75E}"
EndProject
Project("{FAE04EC0-301F-11D3-BF4B-00C04F79EFBC}") = "PriorityQueueTest", "PriorityQueueTest\PriorityQueueTest.csproj", "{1053654A-319F-40F9-A32F-7260C8A4EB16}"
EndProject
Global
	GlobalSection(SolutionConfigurationPlatforms) = preSolution
		Debug|Any CPU = Debug|Any CPU
		Release|Any CPU = Release|Any CPU
	EndGlobalSection
	GlobalSection(ProjectConfigurationPlatforms) = postSolution
		{5BAC9B53-F286-400A-9315-34C06B28C75E}.Debug|Any CPU.ActiveCfg = Debug|Any CPU
		{5BAC9B53-F286-400A-9315-34C06B28C75E}.Debug|Any CPU.Build.0 = Debug|Any CPU
		{5BAC9B53-F286-400A-9315-34C06B28C75E}.Release|Any CPU.ActiveCfg = Release|Any CPU
		{5BAC9B53-F286-400A-9315-34C06B28C75E}.Release|Any CPU.Build.0 = Release|Any CPU
		{1053654A-319F-40F9-A32F-7260C8A4EB16}.Debug|Any CPU.ActiveCfg = Debug|Any CPU
		{1053654A-319F-40F9-A32F-7260C8A4EB16}.Debug|Any CPU.Build.0 = Debug|Any CPU
		{1053654A-319F-40F9-A32F-7260C8A4EB16}.Release|Any CPU.ActiveCfg = Release|Any CPU
		{1053654A-319F-40F9-A32F-7260C8A4EB16}.Release|Any CPU.Build.0 = Release|Any CPU
	EndGlobalSection
	GlobalSection(SolutionProperties) = preSolution
		HideSolutionNode = FALSE
	EndGlobalSection
	GlobalSection(ExtensibilityGlobals) = postSolution
		SolutionGuid = {7BC7CAA5-3998-4369-BB39-5A4E78ADA952}
	EndGlobalSection
EndGlobal
